
Microsoft Visual Studio Solution File, Format Version 12.00
# Visual Studio Version 16
VisualStudioVersion = 16.0.30011.22
MinimumVisualStudioVersion = 10.0.40219.1
Project("{9A19103F-16F7-4668-BE54-9A1E7A4F7556}") = "LojaVirtual.Domain", "LojaVirtual.Domain\LojaVirtual.Domain.csproj", "{8D97C8D1-334D-4CBF-AEA6-224795DE7E9C}"
EndProject
Project("{9A19103F-16F7-4668-BE54-9A1E7A4F7556}") = "LojaVirtual.Infra", "LojaVirtual.Infra\LojaVirtual.Infra.csproj", "{670B1CD0-C7B5-4E4C-8315-DC0F28858DAB}"
EndProject
Project("{9A19103F-16F7-4668-BE54-9A1E7A4F7556}") = "LojaVirtual.Api", "LojaVirtual.Api\LojaVirtual.Api.csproj", "{834BA15A-C630-44DD-846E-C0931777264E}"
EndProject
Global
	GlobalSection(SolutionConfigurationPlatforms) = preSolution
		Debug|Any CPU = Debug|Any CPU
		Release|Any CPU = Release|Any CPU
	EndGlobalSection
	GlobalSection(ProjectConfigurationPlatforms) = postSolution
		{8D97C8D1-334D-4CBF-AEA6-224795DE7E9C}.Debug|Any CPU.ActiveCfg = Debug|Any CPU
		{8D97C8D1-334D-4CBF-AEA6-224795DE7E9C}.Debug|Any CPU.Build.0 = Debug|Any CPU
		{8D97C8D1-334D-4CBF-AEA6-224795DE7E9C}.Release|Any CPU.ActiveCfg = Release|Any CPU
		{8D97C8D1-334D-4CBF-AEA6-224795DE7E9C}.Release|Any CPU.Build.0 = Release|Any CPU
		{670B1CD0-C7B5-4E4C-8315-DC0F28858DAB}.Debug|Any CPU.ActiveCfg = Debug|Any CPU
		{670B1CD0-C7B5-4E4C-8315-DC0F28858DAB}.Debug|Any CPU.Build.0 = Debug|Any CPU
		{670B1CD0-C7B5-4E4C-8315-DC0F28858DAB}.Release|Any CPU.ActiveCfg = Release|Any CPU
		{670B1CD0-C7B5-4E4C-8315-DC0F28858DAB}.Release|Any CPU.Build.0 = Release|Any CPU
		{834BA15A-C630-44DD-846E-C0931777264E}.Debug|Any CPU.ActiveCfg = Debug|Any CPU
		{834BA15A-C630-44DD-846E-C0931777264E}.Debug|Any CPU.Build.0 = Debug|Any CPU
		{834BA15A-C630-44DD-846E-C0931777264E}.Release|Any CPU.ActiveCfg = Release|Any CPU
		{834BA15A-C630-44DD-846E-C0931777264E}.Release|Any CPU.Build.0 = Release|Any CPU
	EndGlobalSection
	GlobalSection(SolutionProperties) = preSolution
		HideSolutionNode = FALSE
	EndGlobalSection
	GlobalSection(ExtensibilityGlobals) = postSolution
		SolutionGuid = {C40CBEDC-1BDA-4874-B449-5CBC7680D2F8}
	EndGlobalSection
EndGlobal
